
Microsoft Visual Studio Solution File, Format Version 12.00
# Visual Studio 15
VisualStudioVersion = 15.0.26430.13
MinimumVisualStudioVersion = 10.0.40219.1
Project("{FAE04EC0-301F-11D3-BF4B-00C04F79EFBC}") = "JJSolutions.TableList.AspNetCore.TagHelper", "JJSolutions.TableList.AspNetCore.TagHelper.csproj", "{8AA1B363-BA4B-4D97-8E56-D9B6BDA6713E}"
EndProject
Global
	GlobalSection(SolutionConfigurationPlatforms) = preSolution
		Debug|Any CPU = Debug|Any CPU
		Release|Any CPU = Release|Any CPU
	EndGlobalSection
	GlobalSection(ProjectConfigurationPlatforms) = postSolution
		{8AA1B363-BA4B-4D97-8E56-D9B6BDA6713E}.Debug|Any CPU.ActiveCfg = Debug|Any CPU
		{8AA1B363-BA4B-4D97-8E56-D9B6BDA6713E}.Debug|Any CPU.Build.0 = Debug|Any CPU
		{8AA1B363-BA4B-4D97-8E56-D9B6BDA6713E}.Release|Any CPU.ActiveCfg = Release|Any CPU
		{8AA1B363-BA4B-4D97-8E56-D9B6BDA6713E}.Release|Any CPU.Build.0 = Release|Any CPU
	EndGlobalSection
	GlobalSection(SolutionProperties) = preSolution
		HideSolutionNode = FALSE
	EndGlobalSection
	GlobalSection(TeamFoundationVersionControl) = preSolution
		SccNumberOfProjects = 2
		SccEnterpriseProvider = {4CA58AB2-18FA-4F8D-95D4-32DDF27D184C}
		SccTeamFoundationServer = http://file1:8080/tfs/jimmy
		SccLocalPath0 = .
		SccProjectUniqueName1 = JJSolutions.TableList.AspNetCore.TagHelper.csproj
		SccLocalPath1 = .
	EndGlobalSection
EndGlobal
